
Microsoft Visual Studio Solution File, Format Version 12.00
# Visual Studio Version 17
VisualStudioVersion = 17.8.34330.188
MinimumVisualStudioVersion = 10.0.40219.1
Project("{FAE04EC0-301F-11D3-BF4B-00C04F79EFBC}") = "Moon", "Moon\Moon.csproj", "{04D0BB32-36BC-456B-8925-51F81C6927EA}"
EndProject
Global
	GlobalSection(SolutionConfigurationPlatforms) = preSolution
		Debug|Any CPU = Debug|Any CPU
		Release|Any CPU = Release|Any CPU
	EndGlobalSection
	GlobalSection(ProjectConfigurationPlatforms) = postSolution
		{04D0BB32-36BC-456B-8925-51F81C6927EA}.Debug|Any CPU.ActiveCfg = Debug|Any CPU
		{04D0BB32-36BC-456B-8925-51F81C6927EA}.Debug|Any CPU.Build.0 = Debug|Any CPU
		{04D0BB32-36BC-456B-8925-51F81C6927EA}.Release|Any CPU.ActiveCfg = Release|Any CPU
		{04D0BB32-36BC-456B-8925-51F81C6927EA}.Release|Any CPU.Build.0 = Release|Any CPU
	EndGlobalSection
	GlobalSection(SolutionProperties) = preSolution
		HideSolutionNode = FALSE
	EndGlobalSection
	GlobalSection(ExtensibilityGlobals) = postSolution
		SolutionGuid = {9ACF9CAD-96BB-4919-9B73-ADF2CB3CA265}
	EndGlobalSection
EndGlobal
